
Microsoft Visual Studio Solution File, Format Version 12.00
# Visual Studio Version 17
VisualStudioVersion = 17.0.31903.59
MinimumVisualStudioVersion = 10.0.40219.1
Project("{FAE04EC0-301F-11D3-BF4B-00C04F79EFBC}") = "TaskManager.API", "TaskManager.API\TaskManager.API.csproj", "{F6B6BFF2-77F5-4569-AB1A-C215B2EE48EE}"
EndProject
Project("{FAE04EC0-301F-11D3-BF4B-00C04F79EFBC}") = "TaskManager.Core", "TaskManager.Core\TaskManager.Core.csproj", "{7B6DD3C4-1F21-4C4A-BEC3-F2B213B86AEF}"
EndProject
Project("{FAE04EC0-301F-11D3-BF4B-00C04F79EFBC}") = "TaskManager.Infrastructure", "TaskManager.Infrastructure\TaskManager.Infrastructure.csproj", "{C2986804-7EE4-4CC5-943B-778B3990F0DA}"
EndProject
Global
	GlobalSection(SolutionConfigurationPlatforms) = preSolution
		Debug|Any CPU = Debug|Any CPU
		Release|Any CPU = Release|Any CPU
	EndGlobalSection
	GlobalSection(SolutionProperties) = preSolution
		HideSolutionNode = FALSE
	EndGlobalSection
	GlobalSection(ProjectConfigurationPlatforms) = postSolution
		{F6B6BFF2-77F5-4569-AB1A-C215B2EE48EE}.Debug|Any CPU.ActiveCfg = Debug|Any CPU
		{F6B6BFF2-77F5-4569-AB1A-C215B2EE48EE}.Debug|Any CPU.Build.0 = Debug|Any CPU
		{F6B6BFF2-77F5-4569-AB1A-C215B2EE48EE}.Release|Any CPU.ActiveCfg = Release|Any CPU
		{F6B6BFF2-77F5-4569-AB1A-C215B2EE48EE}.Release|Any CPU.Build.0 = Release|Any CPU
		{7B6DD3C4-1F21-4C4A-BEC3-F2B213B86AEF}.Debug|Any CPU.ActiveCfg = Debug|Any CPU
		{7B6DD3C4-1F21-4C4A-BEC3-F2B213B86AEF}.Debug|Any CPU.Build.0 = Debug|Any CPU
		{7B6DD3C4-1F21-4C4A-BEC3-F2B213B86AEF}.Release|Any CPU.ActiveCfg = Release|Any CPU
		{7B6DD3C4-1F21-4C4A-BEC3-F2B213B86AEF}.Release|Any CPU.Build.0 = Release|Any CPU
		{C2986804-7EE4-4CC5-943B-778B3990F0DA}.Debug|Any CPU.ActiveCfg = Debug|Any CPU
		{C2986804-7EE4-4CC5-943B-778B3990F0DA}.Debug|Any CPU.Build.0 = Debug|Any CPU
		{C2986804-7EE4-4CC5-943B-778B3990F0DA}.Release|Any CPU.ActiveCfg = Release|Any CPU
		{C2986804-7EE4-4CC5-943B-778B3990F0DA}.Release|Any CPU.Build.0 = Release|Any CPU
	EndGlobalSection
EndGlobal
